
Microsoft Visual Studio Solution File, Format Version 12.00
# Visual Studio Version 16
VisualStudioVersion = 16.0.32602.291
MinimumVisualStudioVersion = 10.0.40219.1
Project("{FAE04EC0-301F-11D3-BF4B-00C04F79EFBC}") = "HOME8(2)", "HOME8(2).csproj", "{293E04E6-EFB9-48CD-8846-0DE895D81A8D}"
EndProject
Global
	GlobalSection(SolutionConfigurationPlatforms) = preSolution
		Debug|Any CPU = Debug|Any CPU
		Release|Any CPU = Release|Any CPU
	EndGlobalSection
	GlobalSection(ProjectConfigurationPlatforms) = postSolution
		{293E04E6-EFB9-48CD-8846-0DE895D81A8D}.Debug|Any CPU.ActiveCfg = Debug|Any CPU
		{293E04E6-EFB9-48CD-8846-0DE895D81A8D}.Debug|Any CPU.Build.0 = Debug|Any CPU
		{293E04E6-EFB9-48CD-8846-0DE895D81A8D}.Release|Any CPU.ActiveCfg = Release|Any CPU
		{293E04E6-EFB9-48CD-8846-0DE895D81A8D}.Release|Any CPU.Build.0 = Release|Any CPU
	EndGlobalSection
	GlobalSection(SolutionProperties) = preSolution
		HideSolutionNode = FALSE
	EndGlobalSection
	GlobalSection(ExtensibilityGlobals) = postSolution
		SolutionGuid = {3E43623E-57E0-450B-BBF8-BC42A1971461}
	EndGlobalSection
EndGlobal
